
Microsoft Visual Studio Solution File, Format Version 12.00
# Visual Studio 15
VisualStudioVersion = 15.0.28307.421
MinimumVisualStudioVersion = 10.0.40219.1
Project("{E24C65DC-7377-472B-9ABA-BC803B73C61A}") = "Medical-office-five", "Medical-office-five\", "{A81BF2CC-2432-436C-A707-1D7E574E852F}"
	ProjectSection(WebsiteProperties) = preProject
		TargetFrameworkMoniker = ".NETFramework,Version%3Dv4.6.1"
		Debug.AspNetCompiler.VirtualPath = "/localhost_54457"
		Debug.AspNetCompiler.PhysicalPath = "Medical-office-five\"
		Debug.AspNetCompiler.TargetPath = "PrecompiledWeb\localhost_54457\"
		Debug.AspNetCompiler.Updateable = "true"
		Debug.AspNetCompiler.ForceOverwrite = "true"
		Debug.AspNetCompiler.FixedNames = "false"
		Debug.AspNetCompiler.Debug = "True"
		Release.AspNetCompiler.VirtualPath = "/localhost_54457"
		Release.AspNetCompiler.PhysicalPath = "Medical-office-five\"
		Release.AspNetCompiler.TargetPath = "PrecompiledWeb\localhost_54457\"
		Release.AspNetCompiler.Updateable = "true"
		Release.AspNetCompiler.ForceOverwrite = "true"
		Release.AspNetCompiler.FixedNames = "false"
		Release.AspNetCompiler.Debug = "False"
		VWDPort = "54457"
		SlnRelativePath = "Medical-office-five\"
		DefaultWebSiteLanguage = "Visual C#"
	EndProjectSection
EndProject
Global
	GlobalSection(SolutionConfigurationPlatforms) = preSolution
		Debug|Any CPU = Debug|Any CPU
	EndGlobalSection
	GlobalSection(ProjectConfigurationPlatforms) = postSolution
		{A81BF2CC-2432-436C-A707-1D7E574E852F}.Debug|Any CPU.ActiveCfg = Debug|Any CPU
		{A81BF2CC-2432-436C-A707-1D7E574E852F}.Debug|Any CPU.Build.0 = Debug|Any CPU
	EndGlobalSection
	GlobalSection(SolutionProperties) = preSolution
		HideSolutionNode = FALSE
	EndGlobalSection
	GlobalSection(ExtensibilityGlobals) = postSolution
		SolutionGuid = {D462A9D5-E2DB-47B8-983C-2854795AFA0F}
	EndGlobalSection
EndGlobal
